
Microsoft Visual Studio Solution File, Format Version 12.00
# Visual Studio Version 17
VisualStudioVersion = 17.12.35309.182
MinimumVisualStudioVersion = 10.0.40219.1
Project("{FAE04EC0-301F-11D3-BF4B-00C04F79EFBC}") = "NextShop.API", "NextShop.API\NextShop.API.csproj", "{820DF10A-9F75-432B-BF71-CC8C44515E58}"
EndProject
Global
	GlobalSection(SolutionConfigurationPlatforms) = preSolution
		Debug|Any CPU = Debug|Any CPU
		Release|Any CPU = Release|Any CPU
	EndGlobalSection
	GlobalSection(ProjectConfigurationPlatforms) = postSolution
		{820DF10A-9F75-432B-BF71-CC8C44515E58}.Debug|Any CPU.ActiveCfg = Debug|Any CPU
		{820DF10A-9F75-432B-BF71-CC8C44515E58}.Debug|Any CPU.Build.0 = Debug|Any CPU
		{820DF10A-9F75-432B-BF71-CC8C44515E58}.Release|Any CPU.ActiveCfg = Release|Any CPU
		{820DF10A-9F75-432B-BF71-CC8C44515E58}.Release|Any CPU.Build.0 = Release|Any CPU
	EndGlobalSection
	GlobalSection(SolutionProperties) = preSolution
		HideSolutionNode = FALSE
	EndGlobalSection
	GlobalSection(ExtensibilityGlobals) = postSolution
		SolutionGuid = {873B14B7-F7FE-49A2-994A-34F6779513AC}
	EndGlobalSection
EndGlobal
